
Microsoft Visual Studio Solution File, Format Version 12.00
# Visual Studio Version 17
VisualStudioVersion = 17.7.34221.43
MinimumVisualStudioVersion = 10.0.40219.1
Project("{9A19103F-16F7-4668-BE54-9A1E7A4F7556}") = "Lab1", "Lab1\Lab1.csproj", "{0431F45E-E915-48AE-AB67-98EA40E6DC10}"
EndProject
Project("{9A19103F-16F7-4668-BE54-9A1E7A4F7556}") = "Lab1_Test", "Lab1_Test\Lab1_Test.csproj", "{961AA6C2-2EEB-4F92-B55E-5ACEE3D34E10}"
EndProject
Project("{9A19103F-16F7-4668-BE54-9A1E7A4F7556}") = "Lab2", "Lab2\Lab2.csproj", "{159103D3-602E-4B8B-972D-DEBA484D917E}"
EndProject
Project("{9A19103F-16F7-4668-BE54-9A1E7A4F7556}") = "Lab2_Test", "Lab2_Test\Lab2_Test.csproj", "{E0DAAAD4-5CC5-4E93-A84C-926067339CA5}"
EndProject
Project("{9A19103F-16F7-4668-BE54-9A1E7A4F7556}") = "Lab3", "Lab3\Lab3.csproj", "{0443BD8A-72E7-4134-8EA9-65446D98ADDF}"
EndProject
Project("{9A19103F-16F7-4668-BE54-9A1E7A4F7556}") = "Lab3_Test", "Lab3_Test\Lab3_Test.csproj", "{8C55BA43-4076-4C94-A780-FB0A1E41D191}"
EndProject
Project("{9A19103F-16F7-4668-BE54-9A1E7A4F7556}") = "ClassLibraryForLab4", "ClassLibraryForLab4\ClassLibraryForLab4.csproj", "{2F3B25F9-771C-4887-A78B-E87D4CCD8248}"
EndProject
Project("{9A19103F-16F7-4668-BE54-9A1E7A4F7556}") = "Lab4", "Lab4\Lab4.csproj", "{E6D55867-FF48-41C7-A994-7415191E6FE0}"
EndProject
Project("{9A19103F-16F7-4668-BE54-9A1E7A4F7556}") = "Lab5", "Lab5\Lab5.csproj", "{648D25D6-1440-4D42-927F-987AADF11D7B}"
EndProject
Project("{9A19103F-16F7-4668-BE54-9A1E7A4F7556}") = "ClassLibLab5", "ClassLibLab5\ClassLibLab5.csproj", "{13D4384B-A756-4D65-BA38-B0CC1B70840F}"
EndProject
Project("{9A19103F-16F7-4668-BE54-9A1E7A4F7556}") = "Lab6", "Lab6\Lab6.csproj", "{39BCEB36-0E3A-4B38-B55A-53DB9FF78730}"
EndProject
Project("{9092AA53-FB77-4645-B42D-1CCCA6BD08BD}") = "Lab7", "Lab7\Lab7.njsproj", "{BF6AD690-2055-469E-8BB4-23471D01C7BD}"
EndProject
Project("{9A19103F-16F7-4668-BE54-9A1E7A4F7556}") = "Lab13", "Lab13\Lab13.csproj", "{97747DBE-B8F4-49C3-A643-FA1044A2E8F6}"
EndProject
Project("{FAE04EC0-301F-11D3-BF4B-00C04F79EFBC}") = "Lab3ClassLib", "Lab3ClassLib\Lab3ClassLib.csproj", "{BAE9AC45-2DAF-4906-808B-8700B8FD8163}"
EndProject
Global
	GlobalSection(SolutionConfigurationPlatforms) = preSolution
		Debug|Any CPU = Debug|Any CPU
		Release|Any CPU = Release|Any CPU
	EndGlobalSection
	GlobalSection(ProjectConfigurationPlatforms) = postSolution
		{0431F45E-E915-48AE-AB67-98EA40E6DC10}.Debug|Any CPU.ActiveCfg = Debug|Any CPU
		{0431F45E-E915-48AE-AB67-98EA40E6DC10}.Debug|Any CPU.Build.0 = Debug|Any CPU
		{0431F45E-E915-48AE-AB67-98EA40E6DC10}.Release|Any CPU.ActiveCfg = Release|Any CPU
		{0431F45E-E915-48AE-AB67-98EA40E6DC10}.Release|Any CPU.Build.0 = Release|Any CPU
		{961AA6C2-2EEB-4F92-B55E-5ACEE3D34E10}.Debug|Any CPU.ActiveCfg = Debug|Any CPU
		{961AA6C2-2EEB-4F92-B55E-5ACEE3D34E10}.Debug|Any CPU.Build.0 = Debug|Any CPU
		{961AA6C2-2EEB-4F92-B55E-5ACEE3D34E10}.Release|Any CPU.ActiveCfg = Release|Any CPU
		{961AA6C2-2EEB-4F92-B55E-5ACEE3D34E10}.Release|Any CPU.Build.0 = Release|Any CPU
		{159103D3-602E-4B8B-972D-DEBA484D917E}.Debug|Any CPU.ActiveCfg = Debug|Any CPU
		{159103D3-602E-4B8B-972D-DEBA484D917E}.Debug|Any CPU.Build.0 = Debug|Any CPU
		{159103D3-602E-4B8B-972D-DEBA484D917E}.Release|Any CPU.ActiveCfg = Release|Any CPU
		{159103D3-602E-4B8B-972D-DEBA484D917E}.Release|Any CPU.Build.0 = Release|Any CPU
		{E0DAAAD4-5CC5-4E93-A84C-926067339CA5}.Debug|Any CPU.ActiveCfg = Debug|Any CPU
		{E0DAAAD4-5CC5-4E93-A84C-926067339CA5}.Debug|Any CPU.Build.0 = Debug|Any CPU
		{E0DAAAD4-5CC5-4E93-A84C-926067339CA5}.Release|Any CPU.ActiveCfg = Release|Any CPU
		{E0DAAAD4-5CC5-4E93-A84C-926067339CA5}.Release|Any CPU.Build.0 = Release|Any CPU
		{0443BD8A-72E7-4134-8EA9-65446D98ADDF}.Debug|Any CPU.ActiveCfg = Debug|Any CPU
		{0443BD8A-72E7-4134-8EA9-65446D98ADDF}.Debug|Any CPU.Build.0 = Debug|Any CPU
		{0443BD8A-72E7-4134-8EA9-65446D98ADDF}.Release|Any CPU.ActiveCfg = Release|Any CPU
		{0443BD8A-72E7-4134-8EA9-65446D98ADDF}.Release|Any CPU.Build.0 = Release|Any CPU
		{8C55BA43-4076-4C94-A780-FB0A1E41D191}.Debug|Any CPU.ActiveCfg = Debug|Any CPU
		{8C55BA43-4076-4C94-A780-FB0A1E41D191}.Debug|Any CPU.Build.0 = Debug|Any CPU
		{8C55BA43-4076-4C94-A780-FB0A1E41D191}.Release|Any CPU.ActiveCfg = Release|Any CPU
		{8C55BA43-4076-4C94-A780-FB0A1E41D191}.Release|Any CPU.Build.0 = Release|Any CPU
		{2F3B25F9-771C-4887-A78B-E87D4CCD8248}.Debug|Any CPU.ActiveCfg = Debug|Any CPU
		{2F3B25F9-771C-4887-A78B-E87D4CCD8248}.Debug|Any CPU.Build.0 = Debug|Any CPU
		{2F3B25F9-771C-4887-A78B-E87D4CCD8248}.Release|Any CPU.ActiveCfg = Release|Any CPU
		{2F3B25F9-771C-4887-A78B-E87D4CCD8248}.Release|Any CPU.Build.0 = Release|Any CPU
		{E6D55867-FF48-41C7-A994-7415191E6FE0}.Debug|Any CPU.ActiveCfg = Debug|Any CPU
		{E6D55867-FF48-41C7-A994-7415191E6FE0}.Debug|Any CPU.Build.0 = Debug|Any CPU
		{E6D55867-FF48-41C7-A994-7415191E6FE0}.Release|Any CPU.ActiveCfg = Release|Any CPU
		{E6D55867-FF48-41C7-A994-7415191E6FE0}.Release|Any CPU.Build.0 = Release|Any CPU
		{648D25D6-1440-4D42-927F-987AADF11D7B}.Debug|Any CPU.ActiveCfg = Debug|Any CPU
		{648D25D6-1440-4D42-927F-987AADF11D7B}.Debug|Any CPU.Build.0 = Debug|Any CPU
		{648D25D6-1440-4D42-927F-987AADF11D7B}.Release|Any CPU.ActiveCfg = Release|Any CPU
		{648D25D6-1440-4D42-927F-987AADF11D7B}.Release|Any CPU.Build.0 = Release|Any CPU
		{13D4384B-A756-4D65-BA38-B0CC1B70840F}.Debug|Any CPU.ActiveCfg = Debug|Any CPU
		{13D4384B-A756-4D65-BA38-B0CC1B70840F}.Debug|Any CPU.Build.0 = Debug|Any CPU
		{13D4384B-A756-4D65-BA38-B0CC1B70840F}.Release|Any CPU.ActiveCfg = Release|Any CPU
		{13D4384B-A756-4D65-BA38-B0CC1B70840F}.Release|Any CPU.Build.0 = Release|Any CPU
		{39BCEB36-0E3A-4B38-B55A-53DB9FF78730}.Debug|Any CPU.ActiveCfg = Debug|Any CPU
		{39BCEB36-0E3A-4B38-B55A-53DB9FF78730}.Debug|Any CPU.Build.0 = Debug|Any CPU
		{39BCEB36-0E3A-4B38-B55A-53DB9FF78730}.Release|Any CPU.ActiveCfg = Release|Any CPU
		{39BCEB36-0E3A-4B38-B55A-53DB9FF78730}.Release|Any CPU.Build.0 = Release|Any CPU
		{BF6AD690-2055-469E-8BB4-23471D01C7BD}.Debug|Any CPU.ActiveCfg = Debug|Any CPU
		{BF6AD690-2055-469E-8BB4-23471D01C7BD}.Debug|Any CPU.Build.0 = Debug|Any CPU
		{BF6AD690-2055-469E-8BB4-23471D01C7BD}.Release|Any CPU.ActiveCfg = Release|Any CPU
		{BF6AD690-2055-469E-8BB4-23471D01C7BD}.Release|Any CPU.Build.0 = Release|Any CPU
		{97747DBE-B8F4-49C3-A643-FA1044A2E8F6}.Debug|Any CPU.ActiveCfg = Debug|Any CPU
		{97747DBE-B8F4-49C3-A643-FA1044A2E8F6}.Debug|Any CPU.Build.0 = Debug|Any CPU
		{97747DBE-B8F4-49C3-A643-FA1044A2E8F6}.Release|Any CPU.ActiveCfg = Release|Any CPU
		{97747DBE-B8F4-49C3-A643-FA1044A2E8F6}.Release|Any CPU.Build.0 = Release|Any CPU
		{BAE9AC45-2DAF-4906-808B-8700B8FD8163}.Debug|Any CPU.ActiveCfg = Debug|Any CPU
		{BAE9AC45-2DAF-4906-808B-8700B8FD8163}.Debug|Any CPU.Build.0 = Debug|Any CPU
		{BAE9AC45-2DAF-4906-808B-8700B8FD8163}.Release|Any CPU.ActiveCfg = Release|Any CPU
		{BAE9AC45-2DAF-4906-808B-8700B8FD8163}.Release|Any CPU.Build.0 = Release|Any CPU
	EndGlobalSection
	GlobalSection(SolutionProperties) = preSolution
		HideSolutionNode = FALSE
	EndGlobalSection
	GlobalSection(ExtensibilityGlobals) = postSolution
		SolutionGuid = {8FCA4A88-12BF-48F6-B8C0-DB993E0A161A}
	EndGlobalSection
EndGlobal
